// !$*UTF8*$!
{
	archiveVersion = 1;
	classes = {
	};
	objectVersion = 50;
	objects = {

/* Begin PBXBuildFile section */
		F9EC849A2088925400D2B264 /* AppDelegate.swift in Sources */ = {isa = PBXBuildFile; fileRef = F9EC84992088925400D2B264 /* AppDelegate.swift */; };
		F9EC849C2088925400D2B264 /* ViewController.swift in Sources */ = {isa = PBXBuildFile; fileRef = F9EC849B2088925400D2B264 /* ViewController.swift */; };
		F9EC84A12088925700D2B264 /* Assets.xcassets in Resources */ = {isa = PBXBuildFile; fileRef = F9EC84A02088925700D2B264 /* Assets.xcassets */; };
		F9EC84A42088925700D2B264 /* LaunchScreen.storyboard in Resources */ = {isa = PBXBuildFile; fileRef = F9EC84A22088925700D2B264 /* LaunchScreen.storyboard */; };
		F9EC84AF2088925700D2B264 /* __cookiecutter_app_name__Tests.swift in Sources */ = {isa = PBXBuildFile; fileRef = F9EC84AE2088925700D2B264 /* __cookiecutter_app_name__Tests.swift */; };
/* End PBXBuildFile section */

/* Begin PBXContainerItemProxy section */
		F9EC84AB2088925700D2B264 /* PBXContainerItemProxy */ = {
			isa = PBXContainerItemProxy;
			containerPortal = F9EC848E2088925400D2B264 /* Project object */;
			proxyType = 1;
			remoteGlobalIDString = F9EC84952088925400D2B264;
			remoteInfo = "{{cookiecutter.app_name}}";
		};
/* End PBXContainerItemProxy section */

/* Begin PBXFileReference section */
		F9EC84962088925400D2B264 /* {{cookiecutter.app_name}}.app */ = {isa = PBXFileReference; explicitFileType = wrapper.application; includeInIndex = 0; path = "{{cookiecutter.app_name}}.app"; sourceTree = BUILT_PRODUCTS_DIR; };
		F9EC84992088925400D2B264 /* AppDelegate.swift */ = {isa = PBXFileReference; lastKnownFileType = sourcecode.swift; path = AppDelegate.swift; sourceTree = "<group>"; };
		F9EC849B2088925400D2B264 /* ViewController.swift */ = {isa = PBXFileReference; lastKnownFileType = sourcecode.swift; path = ViewController.swift; sourceTree = "<group>"; };
		F9EC84A02088925700D2B264 /* Assets.xcassets */ = {isa = PBXFileReference; lastKnownFileType = folder.assetcatalog; path = Assets.xcassets; sourceTree = "<group>"; };
		F9EC84A32088925700D2B264 /* Base */ = {isa = PBXFileReference; lastKnownFileType = file.storyboard; name = Base; path = Base.lproj/LaunchScreen.storyboard; sourceTree = "<group>"; };
		F9EC84A52088925700D2B264 /* Info.plist */ = {isa = PBXFileReference; lastKnownFileType = text.plist.xml; path = Info.plist; sourceTree = "<group>"; };
		F9EC84AA2088925700D2B264 /* {{cookiecutter.app_name}}Tests.xctest */ = {isa = PBXFileReference; explicitFileType = wrapper.cfbundle; includeInIndex = 0; path = "{{cookiecutter.app_name}}Tests.xctest"; sourceTree = BUILT_PRODUCTS_DIR; };
		F9EC84AE2088925700D2B264 /* __cookiecutter_app_name__Tests.swift */ = {isa = PBXFileReference; lastKnownFileType = sourcecode.swift; path = __cookiecutter_app_name__Tests.swift; sourceTree = "<group>"; };
		F9EC84B02088925700D2B264 /* Info.plist */ = {isa = PBXFileReference; lastKnownFileType = text.plist.xml; path = Info.plist; sourceTree = "<group>"; };
/* End PBXFileReference section */

/* Begin PBXFrameworksBuildPhase section */
		F9EC84932088925400D2B264 /* Frameworks */ = {
			isa = PBXFrameworksBuildPhase;
			buildActionMask = 2147483647;
			files = (
			);
			runOnlyForDeploymentPostprocessing = 0;
		};
		F9EC84A72088925700D2B264 /* Frameworks */ = {
			isa = PBXFrameworksBuildPhase;
			buildActionMask = 2147483647;
			files = (
			);
			runOnlyForDeploymentPostprocessing = 0;
		};
/* End PBXFrameworksBuildPhase section */

/* Begin PBXGroup section */
		F9EC848D2088925400D2B264 = {
			isa = PBXGroup;
			children = (
				F9EC84982088925400D2B264 /* {{cookiecutter.app_name}} */,
				F9EC84AD2088925700D2B264 /* {{cookiecutter.app_name}}Tests */,
				F9EC84972088925400D2B264 /* Products */,
			);
			sourceTree = "<group>";
		};
		F9EC84972088925400D2B264 /* Products */ = {
			isa = PBXGroup;
			children = (
				F9EC84962088925400D2B264 /* {{cookiecutter.app_name}}.app */,
				F9EC84AA2088925700D2B264 /* {{cookiecutter.app_name}}Tests.xctest */,
			);
			name = Products;
			sourceTree = "<group>";
		};
		F9EC84982088925400D2B264 /* {{cookiecutter.app_name}} */ = {
			isa = PBXGroup;
			children = (
				F9EC84C82088946300D2B264 /* Data */,
				F9EC84C52088940700D2B264 /* DependencyInjection */,
				F9EC84C2208893D400D2B264 /* Domain */,
				F9EC84BF208893AE00D2B264 /* Presentation */,
				F9EC84BA2088935900D2B264 /* UI */,
				F9EC84B92088930C00D2B264 /* Resources */,
				F9EC84A52088925700D2B264 /* Info.plist */,
			);
			path = "{{cookiecutter.app_name}}";
			sourceTree = "<group>";
		};
		F9EC84AD2088925700D2B264 /* {{cookiecutter.app_name}}Tests */ = {
			isa = PBXGroup;
			children = (
				F9EC84AE2088925700D2B264 /* __cookiecutter_app_name__Tests.swift */,
				F9EC84B02088925700D2B264 /* Info.plist */,
			);
			path = "{{cookiecutter.app_name}}Tests";
			sourceTree = "<group>";
		};
		F9EC84B92088930C00D2B264 /* Resources */ = {
			isa = PBXGroup;
			children = (
				F9EC84A02088925700D2B264 /* Assets.xcassets */,
				F9EC84A22088925700D2B264 /* LaunchScreen.storyboard */,
			);
			path = Resources;
			sourceTree = "<group>";
		};
		F9EC84BA2088935900D2B264 /* UI */ = {
			isa = PBXGroup;
			children = (
				F9EC84BE2088939600D2B264 /* ReusableViews */,
				F9EC84BD2088938C00D2B264 /* Views */,
				F9EC84BC2088937F00D2B264 /* Connectors */,
				F9EC84BB2088936E00D2B264 /* AppDelegate */,
			);
			path = UI;
			sourceTree = "<group>";
		};
		F9EC84BB2088936E00D2B264 /* AppDelegate */ = {
			isa = PBXGroup;
			children = (
				F9EC84992088925400D2B264 /* AppDelegate.swift */,
			);
			path = AppDelegate;
			sourceTree = "<group>";
		};
		F9EC84BC2088937F00D2B264 /* Connectors */ = {
			isa = PBXGroup;
			children = (
			);
			path = Connectors;
			sourceTree = "<group>";
		};
		F9EC84BD2088938C00D2B264 /* Views */ = {
			isa = PBXGroup;
			children = (
				F9EC849B2088925400D2B264 /* ViewController.swift */,
			);
			path = Views;
			sourceTree = "<group>";
		};
		F9EC84BE2088939600D2B264 /* ReusableViews */ = {
			isa = PBXGroup;
			children = (
			);
			path = ReusableViews;
			sourceTree = "<group>";
		};
		F9EC84BF208893AE00D2B264 /* Presentation */ = {
			isa = PBXGroup;
			children = (
				F9EC84C1208893CA00D2B264 /* ViewsProtocols */,
				F9EC84C0208893C400D2B264 /* Presenters */,
			);
			path = Presentation;
			sourceTree = "<group>";
		};
		F9EC84C0208893C400D2B264 /* Presenters */ = {
			isa = PBXGroup;
			children = (
			);
			path = Presenters;
			sourceTree = "<group>";
		};
		F9EC84C1208893CA00D2B264 /* ViewsProtocols */ = {
			isa = PBXGroup;
			children = (
			);
			path = ViewsProtocols;
			sourceTree = "<group>";
		};
		F9EC84C2208893D400D2B264 /* Domain */ = {
			isa = PBXGroup;
			children = (
				F9EC84C72088944F00D2B264 /* UseCases */,
				F9EC84C4208893F200D2B264 /* GatewaysProtocols */,
				F9EC84C3208893E100D2B264 /* Entities */,
			);
			path = Domain;
			sourceTree = "<group>";
		};
		F9EC84C3208893E100D2B264 /* Entities */ = {
			isa = PBXGroup;
			children = (
			);
			path = Entities;
			sourceTree = "<group>";
		};
		F9EC84C4208893F200D2B264 /* GatewaysProtocols */ = {
			isa = PBXGroup;
			children = (
			);
			path = GatewaysProtocols;
			sourceTree = "<group>";
		};
		F9EC84C52088940700D2B264 /* DependencyInjection */ = {
			isa = PBXGroup;
			children = (
				F9EC84C62088941A00D2B264 /* GatewayFactory */,
			);
			path = DependencyInjection;
			sourceTree = "<group>";
		};
		F9EC84C62088941A00D2B264 /* GatewayFactory */ = {
			isa = PBXGroup;
			children = (
			);
			path = GatewayFactory;
			sourceTree = "<group>";
		};
		F9EC84C72088944F00D2B264 /* UseCases */ = {
			isa = PBXGroup;
			children = (
			);
			path = UseCases;
			sourceTree = "<group>";
		};
		F9EC84C82088946300D2B264 /* Data */ = {
			isa = PBXGroup;
			children = (
				F9EC84CA2088947600D2B264 /* Gateways */,
				F9EC84C92088946D00D2B264 /* DataSources */,
			);
			path = Data;
			sourceTree = "<group>";
		};
		F9EC84C92088946D00D2B264 /* DataSources */ = {
			isa = PBXGroup;
			children = (
			);
			path = DataSources;
			sourceTree = "<group>";
		};
		F9EC84CA2088947600D2B264 /* Gateways */ = {
			isa = PBXGroup;
			children = (
			);
			path = Gateways;
			sourceTree = "<group>";
		};
/* End PBXGroup section */

/* Begin PBXNativeTarget section */
		F9EC84952088925400D2B264 /* {{cookiecutter.app_name}} */ = {
			isa = PBXNativeTarget;
			buildConfigurationList = F9EC84B32088925700D2B264 /* Build configuration list for PBXNativeTarget "{{cookiecutter.app_name}}" */;
			buildPhases = (
				F9EC84922088925400D2B264 /* Sources */,
				F9EC84932088925400D2B264 /* Frameworks */,
				F9EC84942088925400D2B264 /* Resources */,
			);
			buildRules = (
			);
			dependencies = (
			);
			name = "{{cookiecutter.app_name}}";
			productName = "{{cookiecutter.app_name}}";
			productReference = F9EC84962088925400D2B264 /* {{cookiecutter.app_name}}.app */;
			productType = "com.apple.product-type.application";
		};
		F9EC84A92088925700D2B264 /* {{cookiecutter.app_name}}Tests */ = {
			isa = PBXNativeTarget;
			buildConfigurationList = F9EC84B62088925700D2B264 /* Build configuration list for PBXNativeTarget "{{cookiecutter.app_name}}Tests" */;
			buildPhases = (
				F9EC84A62088925700D2B264 /* Sources */,
				F9EC84A72088925700D2B264 /* Frameworks */,
				F9EC84A82088925700D2B264 /* Resources */,
			);
			buildRules = (
			);
			dependencies = (
				F9EC84AC2088925700D2B264 /* PBXTargetDependency */,
			);
			name = "{{cookiecutter.app_name}}Tests";
			productName = "{{cookiecutter.app_name}}Tests";
			productReference = F9EC84AA2088925700D2B264 /* {{cookiecutter.app_name}}Tests.xctest */;
			productType = "com.apple.product-type.bundle.unit-test";
		};
/* End PBXNativeTarget section */

/* Begin PBXProject section */
		F9EC848E2088925400D2B264 /* Project object */ = {
			isa = PBXProject;
			attributes = {
				LastSwiftUpdateCheck = 0930;
				LastUpgradeCheck = 0930;
				ORGANIZATIONNAME = Tooploox;
				TargetAttributes = {
					F9EC84952088925400D2B264 = {
						CreatedOnToolsVersion = 9.3;
					};
					F9EC84A92088925700D2B264 = {
						CreatedOnToolsVersion = 9.3;
						TestTargetID = F9EC84952088925400D2B264;
					};
				};
			};
			buildConfigurationList = F9EC84912088925400D2B264 /* Build configuration list for PBXProject "{{cookiecutter.app_name}}" */;
			compatibilityVersion = "Xcode 9.3";
			developmentRegion = en;
			hasScannedForEncodings = 0;
			knownRegions = (
				en,
				Base,
			);
			mainGroup = F9EC848D2088925400D2B264;
			productRefGroup = F9EC84972088925400D2B264 /* Products */;
			projectDirPath = "";
			projectRoot = "";
			targets = (
				F9EC84952088925400D2B264 /* {{cookiecutter.app_name}} */,
				F9EC84A92088925700D2B264 /* {{cookiecutter.app_name}}Tests */,
			);
		};
/* End PBXProject section */

/* Begin PBXResourcesBuildPhase section */
		F9EC84942088925400D2B264 /* Resources */ = {
			isa = PBXResourcesBuildPhase;
			buildActionMask = 2147483647;
			files = (
				F9EC84A42088925700D2B264 /* LaunchScreen.storyboard in Resources */,
				F9EC84A12088925700D2B264 /* Assets.xcassets in Resources */,
			);
			runOnlyForDeploymentPostprocessing = 0;
		};
		F9EC84A82088925700D2B264 /* Resources */ = {
			isa = PBXResourcesBuildPhase;
			buildActionMask = 2147483647;
			files = (
			);
			runOnlyForDeploymentPostprocessing = 0;
		};
/* End PBXResourcesBuildPhase section */

/* Begin PBXSourcesBuildPhase section */
		F9EC84922088925400D2B264 /* Sources */ = {
			isa = PBXSourcesBuildPhase;
			buildActionMask = 2147483647;
			files = (
				F9EC849C2088925400D2B264 /* ViewController.swift in Sources */,
				F9EC849A2088925400D2B264 /* AppDelegate.swift in Sources */,
			);
			runOnlyForDeploymentPostprocessing = 0;
		};
		F9EC84A62088925700D2B264 /* Sources */ = {
			isa = PBXSourcesBuildPhase;
			buildActionMask = 2147483647;
			files = (
				F9EC84AF2088925700D2B264 /* __cookiecutter_app_name__Tests.swift in Sources */,
			);
			runOnlyForDeploymentPostprocessing = 0;
		};
/* End PBXSourcesBuildPhase section */

/* Begin PBXTargetDependency section */
		F9EC84AC2088925700D2B264 /* PBXTargetDependency */ = {
			isa = PBXTargetDependency;
			target = F9EC84952088925400D2B264 /* {{cookiecutter.app_name}} */;
			targetProxy = F9EC84AB2088925700D2B264 /* PBXContainerItemProxy */;
		};
/* End PBXTargetDependency section */

/* Begin PBXVariantGroup section */
		F9EC84A22088925700D2B264 /* LaunchScreen.storyboard */ = {
			isa = PBXVariantGroup;
			children = (
				F9EC84A32088925700D2B264 /* Base */,
			);
			name = LaunchScreen.storyboard;
			sourceTree = "<group>";
		};
/* End PBXVariantGroup section */

/* Begin XCBuildConfiguration section */
		F9EC84B12088925700D2B264 /* Debug */ = {
			isa = XCBuildConfiguration;
			buildSettings = {
				ALWAYS_SEARCH_USER_PATHS = NO;
				CLANG_ANALYZER_NONNULL = YES;
				CLANG_ANALYZER_NUMBER_OBJECT_CONVERSION = YES_AGGRESSIVE;
				CLANG_CXX_LANGUAGE_STANDARD = "gnu++14";
				CLANG_CXX_LIBRARY = "libc++";
				CLANG_ENABLE_MODULES = YES;
				CLANG_ENABLE_OBJC_ARC = YES;
				CLANG_ENABLE_OBJC_WEAK = YES;
				CLANG_WARN_BLOCK_CAPTURE_AUTORELEASING = YES;
				CLANG_WARN_BOOL_CONVERSION = YES;
				CLANG_WARN_COMMA = YES;
				CLANG_WARN_CONSTANT_CONVERSION = YES;
				CLANG_WARN_DEPRECATED_OBJC_IMPLEMENTATIONS = YES;
				CLANG_WARN_DIRECT_OBJC_ISA_USAGE = YES_ERROR;
				CLANG_WARN_DOCUMENTATION_COMMENTS = YES;
				CLANG_WARN_EMPTY_BODY = YES;
				CLANG_WARN_ENUM_CONVERSION = YES;
				CLANG_WARN_INFINITE_RECURSION = YES;
				CLANG_WARN_INT_CONVERSION = YES;
				CLANG_WARN_NON_LITERAL_NULL_CONVERSION = YES;
				CLANG_WARN_OBJC_IMPLICIT_RETAIN_SELF = YES;
				CLANG_WARN_OBJC_LITERAL_CONVERSION = YES;
				CLANG_WARN_OBJC_ROOT_CLASS = YES_ERROR;
				CLANG_WARN_RANGE_LOOP_ANALYSIS = YES;
				CLANG_WARN_STRICT_PROTOTYPES = YES;
				CLANG_WARN_SUSPICIOUS_MOVE = YES;
				CLANG_WARN_UNGUARDED_AVAILABILITY = YES_AGGRESSIVE;
				CLANG_WARN_UNREACHABLE_CODE = YES;
				CLANG_WARN__DUPLICATE_METHOD_MATCH = YES;
				CODE_SIGN_IDENTITY = "iPhone Developer";
				COPY_PHASE_STRIP = NO;
				DEBUG_INFORMATION_FORMAT = dwarf;
				ENABLE_STRICT_OBJC_MSGSEND = YES;
				ENABLE_TESTABILITY = YES;
				GCC_C_LANGUAGE_STANDARD = gnu11;
				GCC_DYNAMIC_NO_PIC = NO;
				GCC_NO_COMMON_BLOCKS = YES;
				GCC_OPTIMIZATION_LEVEL = 0;
				GCC_PREPROCESSOR_DEFINITIONS = (
					"DEBUG=1",
					"$(inherited)",
				);
				GCC_WARN_64_TO_32_BIT_CONVERSION = YES;
				GCC_WARN_ABOUT_RETURN_TYPE = YES_ERROR;
				GCC_WARN_UNDECLARED_SELECTOR = YES;
				GCC_WARN_UNINITIALIZED_AUTOS = YES_AGGRESSIVE;
				GCC_WARN_UNUSED_FUNCTION = YES;
				GCC_WARN_UNUSED_VARIABLE = YES;
				IPHONEOS_DEPLOYMENT_TARGET = 11.3;
				MTL_ENABLE_DEBUG_INFO = YES;
				ONLY_ACTIVE_ARCH = YES;
				SDKROOT = iphoneos;
				SWIFT_ACTIVE_COMPILATION_CONDITIONS = DEBUG;
				SWIFT_OPTIMIZATION_LEVEL = "-Onone";
			};
			name = Debug;
		};
		F9EC84B22088925700D2B264 /* Release */ = {
			isa = XCBuildConfiguration;
			buildSettings = {
				ALWAYS_SEARCH_USER_PATHS = NO;
				CLANG_ANALYZER_NONNULL = YES;
				CLANG_ANALYZER_NUMBER_OBJECT_CONVERSION = YES_AGGRESSIVE;
				CLANG_CXX_LANGUAGE_STANDARD = "gnu++14";
				CLANG_CXX_LIBRARY = "libc++";
				CLANG_ENABLE_MODULES = YES;
				CLANG_ENABLE_OBJC_ARC = YES;
				CLANG_ENABLE_OBJC_WEAK = YES;
				CLANG_WARN_BLOCK_CAPTURE_AUTORELEASING = YES;
				CLANG_WARN_BOOL_CONVERSION = YES;
				CLANG_WARN_COMMA = YES;
				CLANG_WARN_CONSTANT_CONVERSION = YES;
				CLANG_WARN_DEPRECATED_OBJC_IMPLEMENTATIONS = YES;
				CLANG_WARN_DIRECT_OBJC_ISA_USAGE = YES_ERROR;
				CLANG_WARN_DOCUMENTATION_COMMENTS = YES;
				CLANG_WARN_EMPTY_BODY = YES;
				CLANG_WARN_ENUM_CONVERSION = YES;
				CLANG_WARN_INFINITE_RECURSION = YES;
				CLANG_WARN_INT_CONVERSION = YES;
				CLANG_WARN_NON_LITERAL_NULL_CONVERSION = YES;
				CLANG_WARN_OBJC_IMPLICIT_RETAIN_SELF = YES;
				CLANG_WARN_OBJC_LITERAL_CONVERSION = YES;
				CLANG_WARN_OBJC_ROOT_CLASS = YES_ERROR;
				CLANG_WARN_RANGE_LOOP_ANALYSIS = YES;
				CLANG_WARN_STRICT_PROTOTYPES = YES;
				CLANG_WARN_SUSPICIOUS_MOVE = YES;
				CLANG_WARN_UNGUARDED_AVAILABILITY = YES_AGGRESSIVE;
				CLANG_WARN_UNREACHABLE_CODE = YES;
				CLANG_WARN__DUPLICATE_METHOD_MATCH = YES;
				CODE_SIGN_IDENTITY = "iPhone Developer";
				COPY_PHASE_STRIP = NO;
				DEBUG_INFORMATION_FORMAT = "dwarf-with-dsym";
				ENABLE_NS_ASSERTIONS = NO;
				ENABLE_STRICT_OBJC_MSGSEND = YES;
				GCC_C_LANGUAGE_STANDARD = gnu11;
				GCC_NO_COMMON_BLOCKS = YES;
				GCC_WARN_64_TO_32_BIT_CONVERSION = YES;
				GCC_WARN_ABOUT_RETURN_TYPE = YES_ERROR;
				GCC_WARN_UNDECLARED_SELECTOR = YES;
				GCC_WARN_UNINITIALIZED_AUTOS = YES_AGGRESSIVE;
				GCC_WARN_UNUSED_FUNCTION = YES;
				GCC_WARN_UNUSED_VARIABLE = YES;
				IPHONEOS_DEPLOYMENT_TARGET = 11.3;
				MTL_ENABLE_DEBUG_INFO = NO;
				SDKROOT = iphoneos;
				SWIFT_COMPILATION_MODE = wholemodule;
				SWIFT_OPTIMIZATION_LEVEL = "-O";
				VALIDATE_PRODUCT = YES;
			};
			name = Release;
		};
		F9EC84B42088925700D2B264 /* Debug */ = {
			isa = XCBuildConfiguration;
			buildSettings = {
				ASSETCATALOG_COMPILER_APPICON_NAME = AppIcon;
				CODE_SIGN_STYLE = Automatic;
				DEVELOPMENT_TEAM = 89T2GE89HD;
				INFOPLIST_FILE = "{{cookiecutter.app_name}}/Info.plist";
				LD_RUNPATH_SEARCH_PATHS = (
					"$(inherited)",
					"@executable_path/Frameworks",
				);
				PRODUCT_BUNDLE_IDENTIFIER = "com.tooploox.apps.--cookiecutter-app-name--";
				PRODUCT_NAME = "$(TARGET_NAME)";
				SWIFT_VERSION = 4.0;
				TARGETED_DEVICE_FAMILY = "1,2";
			};
			name = Debug;
		};
		F9EC84B52088925700D2B264 /* Release */ = {
			isa = XCBuildConfiguration;
			buildSettings = {
				ASSETCATALOG_COMPILER_APPICON_NAME = AppIcon;
				CODE_SIGN_STYLE = Automatic;
				DEVELOPMENT_TEAM = 89T2GE89HD;
				INFOPLIST_FILE = "{{cookiecutter.app_name}}/Info.plist";
				LD_RUNPATH_SEARCH_PATHS = (
					"$(inherited)",
					"@executable_path/Frameworks",
				);
				PRODUCT_BUNDLE_IDENTIFIER = "com.tooploox.apps.--cookiecutter-app-name--";
				PRODUCT_NAME = "$(TARGET_NAME)";
				SWIFT_VERSION = 4.0;
				TARGETED_DEVICE_FAMILY = "1,2";
			};
			name = Release;
		};
		F9EC84B72088925700D2B264 /* Debug */ = {
			isa = XCBuildConfiguration;
			buildSettings = {
				ALWAYS_EMBED_SWIFT_STANDARD_LIBRARIES = YES;
				BUNDLE_LOADER = "$(TEST_HOST)";
				CODE_SIGN_STYLE = Automatic;
				DEVELOPMENT_TEAM = 89T2GE89HD;
				INFOPLIST_FILE = "{{cookiecutter.app_name}}Tests/Info.plist";
				LD_RUNPATH_SEARCH_PATHS = (
					"$(inherited)",
					"@executable_path/Frameworks",
					"@loader_path/Frameworks",
				);
				PRODUCT_BUNDLE_IDENTIFIER = "com.tooploox.apps.--cookiecutter-app-name--Tests";
				PRODUCT_NAME = "$(TARGET_NAME)";
				SWIFT_VERSION = 4.0;
				TARGETED_DEVICE_FAMILY = "1,2";
				TEST_HOST = "$(BUILT_PRODUCTS_DIR)/{{cookiecutter.app_name}}.app/{{cookiecutter.app_name}}";
			};
			name = Debug;
		};
		F9EC84B82088925700D2B264 /* Release */ = {
			isa = XCBuildConfiguration;
			buildSettings = {
				ALWAYS_EMBED_SWIFT_STANDARD_LIBRARIES = YES;
				BUNDLE_LOADER = "$(TEST_HOST)";
				CODE_SIGN_STYLE = Automatic;
				DEVELOPMENT_TEAM = 89T2GE89HD;
				INFOPLIST_FILE = "{{cookiecutter.app_name}}Tests/Info.plist";
				LD_RUNPATH_SEARCH_PATHS = (
					"$(inherited)",
					"@executable_path/Frameworks",
					"@loader_path/Frameworks",
				);
				PRODUCT_BUNDLE_IDENTIFIER = "com.tooploox.apps.--cookiecutter-app-name--Tests";
				PRODUCT_NAME = "$(TARGET_NAME)";
				SWIFT_VERSION = 4.0;
				TARGETED_DEVICE_FAMILY = "1,2";
				TEST_HOST = "$(BUILT_PRODUCTS_DIR)/{{cookiecutter.app_name}}.app/{{cookiecutter.app_name}}";
			};
			name = Release;
		};
/* End XCBuildConfiguration section */

/* Begin XCConfigurationList section */
		F9EC84912088925400D2B264 /* Build configuration list for PBXProject "{{cookiecutter.app_name}}" */ = {
			isa = XCConfigurationList;
			buildConfigurations = (
				F9EC84B12088925700D2B264 /* Debug */,
				F9EC84B22088925700D2B264 /* Release */,
			);
			defaultConfigurationIsVisible = 0;
			defaultConfigurationName = Release;
		};
		F9EC84B32088925700D2B264 /* Build configuration list for PBXNativeTarget "{{cookiecutter.app_name}}" */ = {
			isa = XCConfigurationList;
			buildConfigurations = (
				F9EC84B42088925700D2B264 /* Debug */,
				F9EC84B52088925700D2B264 /* Release */,
			);
			defaultConfigurationIsVisible = 0;
			defaultConfigurationName = Release;
		};
		F9EC84B62088925700D2B264 /* Build configuration list for PBXNativeTarget "{{cookiecutter.app_name}}Tests" */ = {
			isa = XCConfigurationList;
			buildConfigurations = (
				F9EC84B72088925700D2B264 /* Debug */,
				F9EC84B82088925700D2B264 /* Release */,
			);
			defaultConfigurationIsVisible = 0;
			defaultConfigurationName = Release;
		};
/* End XCConfigurationList section */
	};
	rootObject = F9EC848E2088925400D2B264 /* Project object */;
}
